// !$*UTF8*$!
{
	archiveVersion = 1;
	classes = {
	};
	objectVersion = 46;
	objects = {

/* Begin PBXBuildFile section */
		1037868A19AE5B7C00144139 /* AppDelegate.swift in Sources */ = {isa = PBXBuildFile; fileRef = 1037868919AE5B7C00144139 /* AppDelegate.swift */; };
		1037868C19AE5B7C00144139 /* SurveyHomeController.swift in Sources */ = {isa = PBXBuildFile; fileRef = 1037868B19AE5B7C00144139 /* SurveyHomeController.swift */; };
		1037868F19AE5B7C00144139 /* Main.storyboard in Resources */ = {isa = PBXBuildFile; fileRef = 1037868D19AE5B7C00144139 /* Main.storyboard */; };
		1037869119AE5B7C00144139 /* Images.xcassets in Resources */ = {isa = PBXBuildFile; fileRef = 1037869019AE5B7C00144139 /* Images.xcassets */; };
		1037869D19AE5B7C00144139 /* guest_surveyTests.swift in Sources */ = {isa = PBXBuildFile; fileRef = 1037869C19AE5B7C00144139 /* guest_surveyTests.swift */; };
		10D2540019B8E48B000252A4 /* QuestionModel.swift in Sources */ = {isa = PBXBuildFile; fileRef = 10D253FF19B8E48B000252A4 /* QuestionModel.swift */; };
		6620DE8719AFA12500976728 /* json.swift in Sources */ = {isa = PBXBuildFile; fileRef = 6620DE8619AFA12500976728 /* json.swift */; };
		6620DE8B19AFC39D00976728 /* SurveyModel.swift in Sources */ = {isa = PBXBuildFile; fileRef = 6620DE8A19AFC39D00976728 /* SurveyModel.swift */; };
		D15AC51019B0C1360049336F /* SurveyDetailController.swift in Sources */ = {isa = PBXBuildFile; fileRef = D15AC50F19B0C1360049336F /* SurveyDetailController.swift */; };
		D15AC51C19B0DD0B0049336F /* ListSurveyViewController.swift in Sources */ = {isa = PBXBuildFile; fileRef = D15AC51B19B0DD0B0049336F /* ListSurveyViewController.swift */; };
		D15AC51E19B0E2500049336F /* SurveysModel.swift in Sources */ = {isa = PBXBuildFile; fileRef = D15AC51D19B0E2500049336F /* SurveysModel.swift */; };
/* End PBXBuildFile section */

/* Begin PBXContainerItemProxy section */
		1037869719AE5B7C00144139 /* PBXContainerItemProxy */ = {
			isa = PBXContainerItemProxy;
			containerPortal = 1037867C19AE5B7C00144139 /* Project object */;
			proxyType = 1;
			remoteGlobalIDString = 1037868319AE5B7C00144139;
			remoteInfo = "guest-survey";
		};
/* End PBXContainerItemProxy section */

/* Begin PBXFileReference section */
		1037868419AE5B7C00144139 /* guest-survey.app */ = {isa = PBXFileReference; explicitFileType = wrapper.application; includeInIndex = 0; path = "guest-survey.app"; sourceTree = BUILT_PRODUCTS_DIR; };
		1037868819AE5B7C00144139 /* Info.plist */ = {isa = PBXFileReference; lastKnownFileType = text.plist.xml; path = Info.plist; sourceTree = "<group>"; };
		1037868919AE5B7C00144139 /* AppDelegate.swift */ = {isa = PBXFileReference; lastKnownFileType = sourcecode.swift; path = AppDelegate.swift; sourceTree = "<group>"; };
		1037868B19AE5B7C00144139 /* SurveyHomeController.swift */ = {isa = PBXFileReference; lastKnownFileType = sourcecode.swift; path = SurveyHomeController.swift; sourceTree = "<group>"; };
		1037868E19AE5B7C00144139 /* Base */ = {isa = PBXFileReference; lastKnownFileType = file.storyboard; name = Base; path = Base.lproj/Main.storyboard; sourceTree = "<group>"; };
		1037869019AE5B7C00144139 /* Images.xcassets */ = {isa = PBXFileReference; lastKnownFileType = folder.assetcatalog; path = Images.xcassets; sourceTree = "<group>"; };
		1037869619AE5B7C00144139 /* guest-surveyTests.xctest */ = {isa = PBXFileReference; explicitFileType = wrapper.cfbundle; includeInIndex = 0; path = "guest-surveyTests.xctest"; sourceTree = BUILT_PRODUCTS_DIR; };
		1037869B19AE5B7C00144139 /* Info.plist */ = {isa = PBXFileReference; lastKnownFileType = text.plist.xml; path = Info.plist; sourceTree = "<group>"; };
		1037869C19AE5B7C00144139 /* guest_surveyTests.swift */ = {isa = PBXFileReference; lastKnownFileType = sourcecode.swift; path = guest_surveyTests.swift; sourceTree = "<group>"; };
		10D253FF19B8E48B000252A4 /* QuestionModel.swift */ = {isa = PBXFileReference; fileEncoding = 4; lastKnownFileType = sourcecode.swift; path = QuestionModel.swift; sourceTree = "<group>"; };
		6620DE8619AFA12500976728 /* json.swift */ = {isa = PBXFileReference; fileEncoding = 4; lastKnownFileType = sourcecode.swift; path = json.swift; sourceTree = "<group>"; };
		6620DE8A19AFC39D00976728 /* SurveyModel.swift */ = {isa = PBXFileReference; fileEncoding = 4; lastKnownFileType = sourcecode.swift; path = SurveyModel.swift; sourceTree = "<group>"; };
		D15AC50F19B0C1360049336F /* SurveyDetailController.swift */ = {isa = PBXFileReference; fileEncoding = 4; lastKnownFileType = sourcecode.swift; path = SurveyDetailController.swift; sourceTree = "<group>"; };
		D15AC51B19B0DD0B0049336F /* ListSurveyViewController.swift */ = {isa = PBXFileReference; fileEncoding = 4; lastKnownFileType = sourcecode.swift; name = ListSurveyViewController.swift; path = ../ListSurveyViewController.swift; sourceTree = "<group>"; };
		D15AC51D19B0E2500049336F /* SurveysModel.swift */ = {isa = PBXFileReference; fileEncoding = 4; lastKnownFileType = sourcecode.swift; path = SurveysModel.swift; sourceTree = "<group>"; };
/* End PBXFileReference section */

/* Begin PBXFrameworksBuildPhase section */
		1037868119AE5B7C00144139 /* Frameworks */ = {
			isa = PBXFrameworksBuildPhase;
			buildActionMask = 2147483647;
			files = (
			);
			runOnlyForDeploymentPostprocessing = 0;
		};
		1037869319AE5B7C00144139 /* Frameworks */ = {
			isa = PBXFrameworksBuildPhase;
			buildActionMask = 2147483647;
			files = (
			);
			runOnlyForDeploymentPostprocessing = 0;
		};
/* End PBXFrameworksBuildPhase section */

/* Begin PBXGroup section */
		1037867B19AE5B7C00144139 = {
			isa = PBXGroup;
			children = (
				1037868619AE5B7C00144139 /* guest-survey */,
				1037869919AE5B7C00144139 /* guest-surveyTests */,
				1037868519AE5B7C00144139 /* Products */,
			);
			sourceTree = "<group>";
		};
		1037868519AE5B7C00144139 /* Products */ = {
			isa = PBXGroup;
			children = (
				1037868419AE5B7C00144139 /* guest-survey.app */,
				1037869619AE5B7C00144139 /* guest-surveyTests.xctest */,
			);
			name = Products;
			sourceTree = "<group>";
		};
		1037868619AE5B7C00144139 /* guest-survey */ = {
			isa = PBXGroup;
			children = (
				6620DE8919AFC38500976728 /* models */,
				1037868919AE5B7C00144139 /* AppDelegate.swift */,
				6620DE8819AFC23700976728 /* controllers */,
				1037868D19AE5B7C00144139 /* Main.storyboard */,
				1037869019AE5B7C00144139 /* Images.xcassets */,
				1037868719AE5B7C00144139 /* Supporting Files */,
			);
			path = "guest-survey";
			sourceTree = "<group>";
		};
		1037868719AE5B7C00144139 /* Supporting Files */ = {
			isa = PBXGroup;
			children = (
				6620DE8619AFA12500976728 /* json.swift */,
				1037868819AE5B7C00144139 /* Info.plist */,
			);
			name = "Supporting Files";
			sourceTree = "<group>";
		};
		1037869919AE5B7C00144139 /* guest-surveyTests */ = {
			isa = PBXGroup;
			children = (
				1037869C19AE5B7C00144139 /* guest_surveyTests.swift */,
				1037869A19AE5B7C00144139 /* Supporting Files */,
			);
			path = "guest-surveyTests";
			sourceTree = "<group>";
		};
		1037869A19AE5B7C00144139 /* Supporting Files */ = {
			isa = PBXGroup;
			children = (
				1037869B19AE5B7C00144139 /* Info.plist */,
			);
			name = "Supporting Files";
			sourceTree = "<group>";
		};
		6620DE8819AFC23700976728 /* controllers */ = {
			isa = PBXGroup;
			children = (
				D15AC51B19B0DD0B0049336F /* ListSurveyViewController.swift */,
				1037868B19AE5B7C00144139 /* SurveyHomeController.swift */,
				D15AC50F19B0C1360049336F /* SurveyDetailController.swift */,
			);
			name = controllers;
			sourceTree = "<group>";
		};
		6620DE8919AFC38500976728 /* models */ = {
			isa = PBXGroup;
			children = (
				6620DE8A19AFC39D00976728 /* SurveyModel.swift */,
				10D253FF19B8E48B000252A4 /* QuestionModel.swift */,
				D15AC51D19B0E2500049336F /* SurveysModel.swift */,
			);
			name = models;
			sourceTree = "<group>";
		};
/* End PBXGroup section */

/* Begin PBXNativeTarget section */
		1037868319AE5B7C00144139 /* guest-survey */ = {
			isa = PBXNativeTarget;
			buildConfigurationList = 103786A019AE5B7C00144139 /* Build configuration list for PBXNativeTarget "guest-survey" */;
			buildPhases = (
				1037868019AE5B7C00144139 /* Sources */,
				1037868119AE5B7C00144139 /* Frameworks */,
				1037868219AE5B7C00144139 /* Resources */,
			);
			buildRules = (
			);
			dependencies = (
			);
			name = "guest-survey";
			productName = "guest-survey";
			productReference = 1037868419AE5B7C00144139 /* guest-survey.app */;
			productType = "com.apple.product-type.application";
		};
		1037869519AE5B7C00144139 /* guest-surveyTests */ = {
			isa = PBXNativeTarget;
			buildConfigurationList = 103786A319AE5B7C00144139 /* Build configuration list for PBXNativeTarget "guest-surveyTests" */;
			buildPhases = (
				1037869219AE5B7C00144139 /* Sources */,
				1037869319AE5B7C00144139 /* Frameworks */,
				1037869419AE5B7C00144139 /* Resources */,
			);
			buildRules = (
			);
			dependencies = (
				1037869819AE5B7C00144139 /* PBXTargetDependency */,
			);
			name = "guest-surveyTests";
			productName = "guest-surveyTests";
			productReference = 1037869619AE5B7C00144139 /* guest-surveyTests.xctest */;
			productType = "com.apple.product-type.bundle.unit-test";
		};
/* End PBXNativeTarget section */

/* Begin PBXProject section */
		1037867C19AE5B7C00144139 /* Project object */ = {
			isa = PBXProject;
			attributes = {
				LastUpgradeCheck = 0600;
				ORGANIZATIONNAME = Daniel.Chahla;
				TargetAttributes = {
					1037868319AE5B7C00144139 = {
						CreatedOnToolsVersion = 6.0;
					};
					1037869519AE5B7C00144139 = {
						CreatedOnToolsVersion = 6.0;
						TestTargetID = 1037868319AE5B7C00144139;
					};
				};
			};
			buildConfigurationList = 1037867F19AE5B7C00144139 /* Build configuration list for PBXProject "guest-survey" */;
			compatibilityVersion = "Xcode 3.2";
			developmentRegion = English;
			hasScannedForEncodings = 0;
			knownRegions = (
				en,
				Base,
			);
			mainGroup = 1037867B19AE5B7C00144139;
			productRefGroup = 1037868519AE5B7C00144139 /* Products */;
			projectDirPath = "";
			projectRoot = "";
			targets = (
				1037868319AE5B7C00144139 /* guest-survey */,
				1037869519AE5B7C00144139 /* guest-surveyTests */,
			);
		};
/* End PBXProject section */

/* Begin PBXResourcesBuildPhase section */
		1037868219AE5B7C00144139 /* Resources */ = {
			isa = PBXResourcesBuildPhase;
			buildActionMask = 2147483647;
			files = (
				1037868F19AE5B7C00144139 /* Main.storyboard in Resources */,
				1037869119AE5B7C00144139 /* Images.xcassets in Resources */,
			);
			runOnlyForDeploymentPostprocessing = 0;
		};
		1037869419AE5B7C00144139 /* Resources */ = {
			isa = PBXResourcesBuildPhase;
			buildActionMask = 2147483647;
			files = (
			);
			runOnlyForDeploymentPostprocessing = 0;
		};
/* End PBXResourcesBuildPhase section */

/* Begin PBXSourcesBuildPhase section */
		1037868019AE5B7C00144139 /* Sources */ = {
			isa = PBXSourcesBuildPhase;
			buildActionMask = 2147483647;
			files = (
				D15AC51E19B0E2500049336F /* SurveysModel.swift in Sources */,
				1037868C19AE5B7C00144139 /* SurveyHomeController.swift in Sources */,
				D15AC51019B0C1360049336F /* SurveyDetailController.swift in Sources */,
				1037868A19AE5B7C00144139 /* AppDelegate.swift in Sources */,
				6620DE8719AFA12500976728 /* json.swift in Sources */,
				6620DE8B19AFC39D00976728 /* SurveyModel.swift in Sources */,
				D15AC51C19B0DD0B0049336F /* ListSurveyViewController.swift in Sources */,
				10D2540019B8E48B000252A4 /* QuestionModel.swift in Sources */,
			);
			runOnlyForDeploymentPostprocessing = 0;
		};
		1037869219AE5B7C00144139 /* Sources */ = {
			isa = PBXSourcesBuildPhase;
			buildActionMask = 2147483647;
			files = (
				1037869D19AE5B7C00144139 /* guest_surveyTests.swift in Sources */,
			);
			runOnlyForDeploymentPostprocessing = 0;
		};
/* End PBXSourcesBuildPhase section */

/* Begin PBXTargetDependency section */
		1037869819AE5B7C00144139 /* PBXTargetDependency */ = {
			isa = PBXTargetDependency;
			target = 1037868319AE5B7C00144139 /* guest-survey */;
			targetProxy = 1037869719AE5B7C00144139 /* PBXContainerItemProxy */;
		};
/* End PBXTargetDependency section */

/* Begin PBXVariantGroup section */
		1037868D19AE5B7C00144139 /* Main.storyboard */ = {
			isa = PBXVariantGroup;
			children = (
				1037868E19AE5B7C00144139 /* Base */,
			);
			name = Main.storyboard;
			sourceTree = "<group>";
		};
/* End PBXVariantGroup section */

/* Begin XCBuildConfiguration section */
		1037869E19AE5B7C00144139 /* Debug */ = {
			isa = XCBuildConfiguration;
			buildSettings = {
				ALWAYS_SEARCH_USER_PATHS = NO;
				CLANG_CXX_LANGUAGE_STANDARD = "gnu++0x";
				CLANG_CXX_LIBRARY = "libc++";
				CLANG_ENABLE_MODULES = YES;
				CLANG_ENABLE_OBJC_ARC = YES;
				CLANG_WARN_BOOL_CONVERSION = YES;
				CLANG_WARN_CONSTANT_CONVERSION = YES;
				CLANG_WARN_DIRECT_OBJC_ISA_USAGE = YES_ERROR;
				CLANG_WARN_EMPTY_BODY = YES;
				CLANG_WARN_ENUM_CONVERSION = YES;
				CLANG_WARN_INT_CONVERSION = YES;
				CLANG_WARN_OBJC_ROOT_CLASS = YES_ERROR;
				CLANG_WARN_UNREACHABLE_CODE = YES;
				CLANG_WARN__DUPLICATE_METHOD_MATCH = YES;
				"CODE_SIGN_IDENTITY[sdk=iphoneos*]" = "iPhone Developer";
				COPY_PHASE_STRIP = NO;
				ENABLE_STRICT_OBJC_MSGSEND = YES;
				GCC_C_LANGUAGE_STANDARD = gnu99;
				GCC_DYNAMIC_NO_PIC = NO;
				GCC_OPTIMIZATION_LEVEL = 0;
				GCC_PREPROCESSOR_DEFINITIONS = (
					"DEBUG=1",
					"$(inherited)",
				);
				GCC_SYMBOLS_PRIVATE_EXTERN = NO;
				GCC_WARN_64_TO_32_BIT_CONVERSION = YES;
				GCC_WARN_ABOUT_RETURN_TYPE = YES_ERROR;
				GCC_WARN_UNDECLARED_SELECTOR = YES;
				GCC_WARN_UNINITIALIZED_AUTOS = YES_AGGRESSIVE;
				GCC_WARN_UNUSED_FUNCTION = YES;
				GCC_WARN_UNUSED_VARIABLE = YES;
				IPHONEOS_DEPLOYMENT_TARGET = 8.0;
				MTL_ENABLE_DEBUG_INFO = YES;
				ONLY_ACTIVE_ARCH = YES;
				SDKROOT = iphoneos;
				SWIFT_OPTIMIZATION_LEVEL = "-Onone";
			};
			name = Debug;
		};
		1037869F19AE5B7C00144139 /* Release */ = {
			isa = XCBuildConfiguration;
			buildSettings = {
				ALWAYS_SEARCH_USER_PATHS = NO;
				CLANG_CXX_LANGUAGE_STANDARD = "gnu++0x";
				CLANG_CXX_LIBRARY = "libc++";
				CLANG_ENABLE_MODULES = YES;
				CLANG_ENABLE_OBJC_ARC = YES;
				CLANG_WARN_BOOL_CONVERSION = YES;
				CLANG_WARN_CONSTANT_CONVERSION = YES;
				CLANG_WARN_DIRECT_OBJC_ISA_USAGE = YES_ERROR;
				CLANG_WARN_EMPTY_BODY = YES;
				CLANG_WARN_ENUM_CONVERSION = YES;
				CLANG_WARN_INT_CONVERSION = YES;
				CLANG_WARN_OBJC_ROOT_CLASS = YES_ERROR;
				CLANG_WARN_UNREACHABLE_CODE = YES;
				CLANG_WARN__DUPLICATE_METHOD_MATCH = YES;
				"CODE_SIGN_IDENTITY[sdk=iphoneos*]" = "iPhone Developer";
				COPY_PHASE_STRIP = YES;
				ENABLE_NS_ASSERTIONS = NO;
				ENABLE_STRICT_OBJC_MSGSEND = YES;
				GCC_C_LANGUAGE_STANDARD = gnu99;
				GCC_WARN_64_TO_32_BIT_CONVERSION = YES;
				GCC_WARN_ABOUT_RETURN_TYPE = YES_ERROR;
				GCC_WARN_UNDECLARED_SELECTOR = YES;
				GCC_WARN_UNINITIALIZED_AUTOS = YES_AGGRESSIVE;
				GCC_WARN_UNUSED_FUNCTION = YES;
				GCC_WARN_UNUSED_VARIABLE = YES;
				IPHONEOS_DEPLOYMENT_TARGET = 8.0;
				MTL_ENABLE_DEBUG_INFO = NO;
				SDKROOT = iphoneos;
				VALIDATE_PRODUCT = YES;
			};
			name = Release;
		};
		103786A119AE5B7C00144139 /* Debug */ = {
			isa = XCBuildConfiguration;
			buildSettings = {
				ASSETCATALOG_COMPILER_APPICON_NAME = AppIcon;
				ASSETCATALOG_COMPILER_LAUNCHIMAGE_NAME = LaunchImage;
				INFOPLIST_FILE = "guest-survey/Info.plist";
				LD_RUNPATH_SEARCH_PATHS = "$(inherited) @executable_path/Frameworks";
				PRODUCT_NAME = "$(TARGET_NAME)";
			};
			name = Debug;
		};
		103786A219AE5B7C00144139 /* Release */ = {
			isa = XCBuildConfiguration;
			buildSettings = {
				ASSETCATALOG_COMPILER_APPICON_NAME = AppIcon;
				ASSETCATALOG_COMPILER_LAUNCHIMAGE_NAME = LaunchImage;
				INFOPLIST_FILE = "guest-survey/Info.plist";
				LD_RUNPATH_SEARCH_PATHS = "$(inherited) @executable_path/Frameworks";
				PRODUCT_NAME = "$(TARGET_NAME)";
			};
			name = Release;
		};
		103786A419AE5B7C00144139 /* Debug */ = {
			isa = XCBuildConfiguration;
			buildSettings = {
				BUNDLE_LOADER = "$(BUILT_PRODUCTS_DIR)/guest-survey.app/guest-survey";
				FRAMEWORK_SEARCH_PATHS = (
					"$(SDKROOT)/Developer/Library/Frameworks",
					"$(inherited)",
				);
				GCC_PREPROCESSOR_DEFINITIONS = (
					"DEBUG=1",
					"$(inherited)",
				);
				INFOPLIST_FILE = "guest-surveyTests/Info.plist";
				LD_RUNPATH_SEARCH_PATHS = "$(inherited) @executable_path/Frameworks @loader_path/Frameworks";
				PRODUCT_NAME = "$(TARGET_NAME)";
				TEST_HOST = "$(BUNDLE_LOADER)";
			};
			name = Debug;
		};
		103786A519AE5B7C00144139 /* Release */ = {
			isa = XCBuildConfiguration;
			buildSettings = {
				BUNDLE_LOADER = "$(BUILT_PRODUCTS_DIR)/guest-survey.app/guest-survey";
				FRAMEWORK_SEARCH_PATHS = (
					"$(SDKROOT)/Developer/Library/Frameworks",
					"$(inherited)",
				);
				INFOPLIST_FILE = "guest-surveyTests/Info.plist";
				LD_RUNPATH_SEARCH_PATHS = "$(inherited) @executable_path/Frameworks @loader_path/Frameworks";
				PRODUCT_NAME = "$(TARGET_NAME)";
				TEST_HOST = "$(BUNDLE_LOADER)";
			};
			name = Release;
		};
/* End XCBuildConfiguration section */

/* Begin XCConfigurationList section */
		1037867F19AE5B7C00144139 /* Build configuration list for PBXProject "guest-survey" */ = {
			isa = XCConfigurationList;
			buildConfigurations = (
				1037869E19AE5B7C00144139 /* Debug */,
				1037869F19AE5B7C00144139 /* Release */,
			);
			defaultConfigurationIsVisible = 0;
			defaultConfigurationName = Release;
		};
		103786A019AE5B7C00144139 /* Build configuration list for PBXNativeTarget "guest-survey" */ = {
			isa = XCConfigurationList;
			buildConfigurations = (
				103786A119AE5B7C00144139 /* Debug */,
				103786A219AE5B7C00144139 /* Release */,
			);
			defaultConfigurationIsVisible = 0;
			defaultConfigurationName = Release;
		};
		103786A319AE5B7C00144139 /* Build configuration list for PBXNativeTarget "guest-surveyTests" */ = {
			isa = XCConfigurationList;
			buildConfigurations = (
				103786A419AE5B7C00144139 /* Debug */,
				103786A519AE5B7C00144139 /* Release */,
			);
			defaultConfigurationIsVisible = 0;
			defaultConfigurationName = Release;
		};
/* End XCConfigurationList section */
	};
	rootObject = 1037867C19AE5B7C00144139 /* Project object */;
}
